// !$*UTF8*$!
{
	archiveVersion = 1;
	classes = {
	};
	objectVersion = 56;
	objects = {

/* Begin PBXBuildFile section */
		6EB95C0B2ABE46FA00D70707 /* PomodoraView.swift in Sources */ = {isa = PBXBuildFile; fileRef = 6EB95C0A2ABE46FA00D70707 /* PomodoraView.swift */; };
		6EB95C0D2ABE472100D70707 /* 4-4-4-4-MethodView.swift in Sources */ = {isa = PBXBuildFile; fileRef = 6EB95C0C2ABE472100D70707 /* 4-4-4-4-MethodView.swift */; };
		6EB95C0F2ABE473800D70707 /* The50-10RuleView.swift in Sources */ = {isa = PBXBuildFile; fileRef = 6EB95C0E2ABE473800D70707 /* The50-10RuleView.swift */; };
		6EB95C112ABE475D00D70707 /* The-52-17-MethodView.swift in Sources */ = {isa = PBXBuildFile; fileRef = 6EB95C102ABE475D00D70707 /* The-52-17-MethodView.swift */; };
		6EBA2F2F2AA0C98D009A0FE0 /* StudifyApp.swift in Sources */ = {isa = PBXBuildFile; fileRef = 6EBA2F2E2AA0C98D009A0FE0 /* StudifyApp.swift */; };
		6EBA2F312AA0C98D009A0FE0 /* ContentView.swift in Sources */ = {isa = PBXBuildFile; fileRef = 6EBA2F302AA0C98D009A0FE0 /* ContentView.swift */; };
		6EBA2F332AA0C98E009A0FE0 /* Assets.xcassets in Resources */ = {isa = PBXBuildFile; fileRef = 6EBA2F322AA0C98E009A0FE0 /* Assets.xcassets */; };
		6EBA2F362AA0C98E009A0FE0 /* Preview Assets.xcassets in Resources */ = {isa = PBXBuildFile; fileRef = 6EBA2F352AA0C98E009A0FE0 /* Preview Assets.xcassets */; };
		6EBA2F402AA0D0A3009A0FE0 /* DashboardView.swift in Sources */ = {isa = PBXBuildFile; fileRef = 6EBA2F3F2AA0D0A3009A0FE0 /* DashboardView.swift */; };
		6EBA2F422AA0D0B5009A0FE0 /* ToDoView.swift in Sources */ = {isa = PBXBuildFile; fileRef = 6EBA2F412AA0D0B5009A0FE0 /* ToDoView.swift */; };
		6EBA2F442AA0D0C5009A0FE0 /* TimerView.swift in Sources */ = {isa = PBXBuildFile; fileRef = 6EBA2F432AA0D0C5009A0FE0 /* TimerView.swift */; };
		6EBA2F462AA0D0DA009A0FE0 /* LongTermGoalsView.swift in Sources */ = {isa = PBXBuildFile; fileRef = 6EBA2F452AA0D0DA009A0FE0 /* LongTermGoalsView.swift */; };
		80DD917E2ACB05A90054E4A6 /* Todo.swift in Sources */ = {isa = PBXBuildFile; fileRef = 80DD917D2ACB05A90054E4A6 /* Todo.swift */; };
		80DD91802ACB05C80054E4A6 /* NewTodoView.swift in Sources */ = {isa = PBXBuildFile; fileRef = 80DD917F2ACB05C80054E4A6 /* NewTodoView.swift */; };
		80DD91822ACB05E90054E4A6 /* TodoDetailView.swift in Sources */ = {isa = PBXBuildFile; fileRef = 80DD91812ACB05E90054E4A6 /* TodoDetailView.swift */; };
		80DD91842ACB111F0054E4A6 /* SearchBar.swift in Sources */ = {isa = PBXBuildFile; fileRef = 80DD91832ACB111F0054E4A6 /* SearchBar.swift */; };
/* End PBXBuildFile section */

/* Begin PBXFileReference section */
		6EB95C0A2ABE46FA00D70707 /* PomodoraView.swift */ = {isa = PBXFileReference; lastKnownFileType = sourcecode.swift; path = PomodoraView.swift; sourceTree = "<group>"; };
		6EB95C0C2ABE472100D70707 /* 4-4-4-4-MethodView.swift */ = {isa = PBXFileReference; lastKnownFileType = sourcecode.swift; path = "4-4-4-4-MethodView.swift"; sourceTree = "<group>"; };
		6EB95C0E2ABE473800D70707 /* The50-10RuleView.swift */ = {isa = PBXFileReference; lastKnownFileType = sourcecode.swift; path = "The50-10RuleView.swift"; sourceTree = "<group>"; };
		6EB95C102ABE475D00D70707 /* The-52-17-MethodView.swift */ = {isa = PBXFileReference; lastKnownFileType = sourcecode.swift; path = "The-52-17-MethodView.swift"; sourceTree = "<group>"; };
		6EBA2F2B2AA0C98D009A0FE0 /* Studify.app */ = {isa = PBXFileReference; explicitFileType = wrapper.application; includeInIndex = 0; path = Studify.app; sourceTree = BUILT_PRODUCTS_DIR; };
		6EBA2F2E2AA0C98D009A0FE0 /* StudifyApp.swift */ = {isa = PBXFileReference; lastKnownFileType = sourcecode.swift; path = StudifyApp.swift; sourceTree = "<group>"; };
		6EBA2F302AA0C98D009A0FE0 /* ContentView.swift */ = {isa = PBXFileReference; lastKnownFileType = sourcecode.swift; path = ContentView.swift; sourceTree = "<group>"; };
		6EBA2F322AA0C98E009A0FE0 /* Assets.xcassets */ = {isa = PBXFileReference; lastKnownFileType = folder.assetcatalog; path = Assets.xcassets; sourceTree = "<group>"; };
		6EBA2F352AA0C98E009A0FE0 /* Preview Assets.xcassets */ = {isa = PBXFileReference; lastKnownFileType = folder.assetcatalog; path = "Preview Assets.xcassets"; sourceTree = "<group>"; };
		6EBA2F3F2AA0D0A3009A0FE0 /* DashboardView.swift */ = {isa = PBXFileReference; lastKnownFileType = sourcecode.swift; path = DashboardView.swift; sourceTree = "<group>"; };
		6EBA2F412AA0D0B5009A0FE0 /* ToDoView.swift */ = {isa = PBXFileReference; lastKnownFileType = sourcecode.swift; path = ToDoView.swift; sourceTree = "<group>"; };
		6EBA2F432AA0D0C5009A0FE0 /* TimerView.swift */ = {isa = PBXFileReference; lastKnownFileType = sourcecode.swift; path = TimerView.swift; sourceTree = "<group>"; };
		6EBA2F452AA0D0DA009A0FE0 /* LongTermGoalsView.swift */ = {isa = PBXFileReference; lastKnownFileType = sourcecode.swift; path = LongTermGoalsView.swift; sourceTree = "<group>"; };
		80DD917D2ACB05A90054E4A6 /* Todo.swift */ = {isa = PBXFileReference; lastKnownFileType = sourcecode.swift; path = Todo.swift; sourceTree = "<group>"; };
		80DD917F2ACB05C80054E4A6 /* NewTodoView.swift */ = {isa = PBXFileReference; lastKnownFileType = sourcecode.swift; path = NewTodoView.swift; sourceTree = "<group>"; };
		80DD91812ACB05E90054E4A6 /* TodoDetailView.swift */ = {isa = PBXFileReference; lastKnownFileType = sourcecode.swift; path = TodoDetailView.swift; sourceTree = "<group>"; };
		80DD91832ACB111F0054E4A6 /* SearchBar.swift */ = {isa = PBXFileReference; lastKnownFileType = sourcecode.swift; path = SearchBar.swift; sourceTree = "<group>"; };
/* End PBXFileReference section */

/* Begin PBXFrameworksBuildPhase section */
		6EBA2F282AA0C98D009A0FE0 /* Frameworks */ = {
			isa = PBXFrameworksBuildPhase;
			buildActionMask = 2147483647;
			files = (
			);
			runOnlyForDeploymentPostprocessing = 0;
		};
/* End PBXFrameworksBuildPhase section */

/* Begin PBXGroup section */
		6E9F4D032ACB389700937208 /* TimerView */ = {
			isa = PBXGroup;
			children = (
				6EBA2F432AA0D0C5009A0FE0 /* TimerView.swift */,
				6EB95C092ABE46BA00D70707 /* Timer Techniques Views */,
			);
			path = TimerView;
			sourceTree = "<group>";
		};
		6EB95C092ABE46BA00D70707 /* Timer Techniques Views */ = {
			isa = PBXGroup;
			children = (
				6EB95C0A2ABE46FA00D70707 /* PomodoraView.swift */,
				6EB95C0C2ABE472100D70707 /* 4-4-4-4-MethodView.swift */,
				6EB95C0E2ABE473800D70707 /* The50-10RuleView.swift */,
				6EB95C102ABE475D00D70707 /* The-52-17-MethodView.swift */,
			);
			path = "Timer Techniques Views";
			sourceTree = "<group>";
		};
		6EBA2F222AA0C98D009A0FE0 = {
			isa = PBXGroup;
			children = (
				6EBA2F2D2AA0C98D009A0FE0 /* Studify */,
				6EBA2F2C2AA0C98D009A0FE0 /* Products */,
			);
			sourceTree = "<group>";
		};
		6EBA2F2C2AA0C98D009A0FE0 /* Products */ = {
			isa = PBXGroup;
			children = (
				6EBA2F2B2AA0C98D009A0FE0 /* Studify.app */,
			);
			name = Products;
			sourceTree = "<group>";
		};
		6EBA2F2D2AA0C98D009A0FE0 /* Studify */ = {
			isa = PBXGroup;
			children = (
				6EBA2F3C2AA0CE17009A0FE0 /* Model & ViewModel */,
				6EBA2F3E2AA0CF1B009A0FE0 /* Views */,
				6EBA2F322AA0C98E009A0FE0 /* Assets.xcassets */,
				6EBA2F2E2AA0C98D009A0FE0 /* StudifyApp.swift */,
				6EBA2F342AA0C98E009A0FE0 /* Preview Content */,
			);
			path = Studify;
			sourceTree = "<group>";
		};
		6EBA2F342AA0C98E009A0FE0 /* Preview Content */ = {
			isa = PBXGroup;
			children = (
				6EBA2F352AA0C98E009A0FE0 /* Preview Assets.xcassets */,
			);
			path = "Preview Content";
			sourceTree = "<group>";
		};
		6EBA2F3C2AA0CE17009A0FE0 /* Model & ViewModel */ = {
			isa = PBXGroup;
			children = (
			);
			path = "Model & ViewModel";
			sourceTree = "<group>";
		};
		6EBA2F3E2AA0CF1B009A0FE0 /* Views */ = {
			isa = PBXGroup;
			children = (
				6EBA2F302AA0C98D009A0FE0 /* ContentView.swift */,
				6EBA2F3F2AA0D0A3009A0FE0 /* DashboardView.swift */,
				80DD917C2ACB04FF0054E4A6 /* TodoView */,
				6E9F4D032ACB389700937208 /* TimerView */,
			);
			path = Views;
			sourceTree = "<group>";
		};
		80DD917C2ACB04FF0054E4A6 /* TodoView */ = {
			isa = PBXGroup;
			children = (
				6EBA2F412AA0D0B5009A0FE0 /* ToDoView.swift */,
				80DD91832ACB111F0054E4A6 /* SearchBar.swift */,
				80DD917D2ACB05A90054E4A6 /* Todo.swift */,
				80DD917F2ACB05C80054E4A6 /* NewTodoView.swift */,
				6EBA2F452AA0D0DA009A0FE0 /* LongTermGoalsView.swift */,
				80DD91812ACB05E90054E4A6 /* TodoDetailView.swift */,
			);
			path = TodoView;
			sourceTree = "<group>";
		};
/* End PBXGroup section */

/* Begin PBXNativeTarget section */
		6EBA2F2A2AA0C98D009A0FE0 /* Studify */ = {
			isa = PBXNativeTarget;
			buildConfigurationList = 6EBA2F392AA0C98E009A0FE0 /* Build configuration list for PBXNativeTarget "Studify" */;
			buildPhases = (
				6EBA2F272AA0C98D009A0FE0 /* Sources */,
				6EBA2F282AA0C98D009A0FE0 /* Frameworks */,
				6EBA2F292AA0C98D009A0FE0 /* Resources */,
			);
			buildRules = (
			);
			dependencies = (
			);
			name = Studify;
			productName = Studify;
			productReference = 6EBA2F2B2AA0C98D009A0FE0 /* Studify.app */;
			productType = "com.apple.product-type.application";
		};
/* End PBXNativeTarget section */

/* Begin PBXProject section */
		6EBA2F232AA0C98D009A0FE0 /* Project object */ = {
			isa = PBXProject;
			attributes = {
				BuildIndependentTargetsInParallel = 1;
				LastSwiftUpdateCheck = 1430;
				LastUpgradeCheck = 1500;
				TargetAttributes = {
					6EBA2F2A2AA0C98D009A0FE0 = {
						CreatedOnToolsVersion = 14.3.1;
					};
				};
			};
			buildConfigurationList = 6EBA2F262AA0C98D009A0FE0 /* Build configuration list for PBXProject "Studify" */;
			compatibilityVersion = "Xcode 14.0";
			developmentRegion = en;
			hasScannedForEncodings = 0;
			knownRegions = (
				en,
				Base,
			);
			mainGroup = 6EBA2F222AA0C98D009A0FE0;
			productRefGroup = 6EBA2F2C2AA0C98D009A0FE0 /* Products */;
			projectDirPath = "";
			projectRoot = "";
			targets = (
				6EBA2F2A2AA0C98D009A0FE0 /* Studify */,
			);
		};
/* End PBXProject section */

/* Begin PBXResourcesBuildPhase section */
		6EBA2F292AA0C98D009A0FE0 /* Resources */ = {
			isa = PBXResourcesBuildPhase;
			buildActionMask = 2147483647;
			files = (
				6EBA2F362AA0C98E009A0FE0 /* Preview Assets.xcassets in Resources */,
				6EBA2F332AA0C98E009A0FE0 /* Assets.xcassets in Resources */,
			);
			runOnlyForDeploymentPostprocessing = 0;
		};
/* End PBXResourcesBuildPhase section */

/* Begin PBXSourcesBuildPhase section */
		6EBA2F272AA0C98D009A0FE0 /* Sources */ = {
			isa = PBXSourcesBuildPhase;
			buildActionMask = 2147483647;
			files = (
				80DD917E2ACB05A90054E4A6 /* Todo.swift in Sources */,
				80DD91822ACB05E90054E4A6 /* TodoDetailView.swift in Sources */,
				6EBA2F442AA0D0C5009A0FE0 /* TimerView.swift in Sources */,
				6EB95C0B2ABE46FA00D70707 /* PomodoraView.swift in Sources */,
				6EBA2F462AA0D0DA009A0FE0 /* LongTermGoalsView.swift in Sources */,
				6EB95C0D2ABE472100D70707 /* 4-4-4-4-MethodView.swift in Sources */,
				6EBA2F312AA0C98D009A0FE0 /* ContentView.swift in Sources */,
				6EBA2F402AA0D0A3009A0FE0 /* DashboardView.swift in Sources */,
				6EB95C112ABE475D00D70707 /* The-52-17-MethodView.swift in Sources */,
				6EB95C0F2ABE473800D70707 /* The50-10RuleView.swift in Sources */,
				6EBA2F422AA0D0B5009A0FE0 /* ToDoView.swift in Sources */,
				80DD91842ACB111F0054E4A6 /* SearchBar.swift in Sources */,
				6EBA2F2F2AA0C98D009A0FE0 /* StudifyApp.swift in Sources */,
				80DD91802ACB05C80054E4A6 /* NewTodoView.swift in Sources */,
			);
			runOnlyForDeploymentPostprocessing = 0;
		};
/* End PBXSourcesBuildPhase section */

/* Begin XCBuildConfiguration section */
		6EBA2F372AA0C98E009A0FE0 /* Debug */ = {
			isa = XCBuildConfiguration;
			buildSettings = {
				ALWAYS_SEARCH_USER_PATHS = NO;
				CLANG_ANALYZER_NONNULL = YES;
				CLANG_ANALYZER_NUMBER_OBJECT_CONVERSION = YES_AGGRESSIVE;
				CLANG_CXX_LANGUAGE_STANDARD = "gnu++20";
				CLANG_ENABLE_MODULES = YES;
				CLANG_ENABLE_OBJC_ARC = YES;
				CLANG_ENABLE_OBJC_WEAK = YES;
				CLANG_WARN_BLOCK_CAPTURE_AUTORELEASING = YES;
				CLANG_WARN_BOOL_CONVERSION = YES;
				CLANG_WARN_COMMA = YES;
				CLANG_WARN_CONSTANT_CONVERSION = YES;
				CLANG_WARN_DEPRECATED_OBJC_IMPLEMENTATIONS = YES;
				CLANG_WARN_DIRECT_OBJC_ISA_USAGE = YES_ERROR;
				CLANG_WARN_DOCUMENTATION_COMMENTS = YES;
				CLANG_WARN_EMPTY_BODY = YES;
				CLANG_WARN_ENUM_CONVERSION = YES;
				CLANG_WARN_INFINITE_RECURSION = YES;
				CLANG_WARN_INT_CONVERSION = YES;
				CLANG_WARN_NON_LITERAL_NULL_CONVERSION = YES;
				CLANG_WARN_OBJC_IMPLICIT_RETAIN_SELF = YES;
				CLANG_WARN_OBJC_LITERAL_CONVERSION = YES;
				CLANG_WARN_OBJC_ROOT_CLASS = YES_ERROR;
				CLANG_WARN_QUOTED_INCLUDE_IN_FRAMEWORK_HEADER = YES;
				CLANG_WARN_RANGE_LOOP_ANALYSIS = YES;
				CLANG_WARN_STRICT_PROTOTYPES = YES;
				CLANG_WARN_SUSPICIOUS_MOVE = YES;
				CLANG_WARN_UNGUARDED_AVAILABILITY = YES_AGGRESSIVE;
				CLANG_WARN_UNREACHABLE_CODE = YES;
				CLANG_WARN__DUPLICATE_METHOD_MATCH = YES;
				COPY_PHASE_STRIP = NO;
				DEBUG_INFORMATION_FORMAT = dwarf;
				ENABLE_STRICT_OBJC_MSGSEND = YES;
				ENABLE_TESTABILITY = YES;
				ENABLE_USER_SCRIPT_SANDBOXING = YES;
				GCC_C_LANGUAGE_STANDARD = gnu11;
				GCC_DYNAMIC_NO_PIC = NO;
				GCC_NO_COMMON_BLOCKS = YES;
				GCC_OPTIMIZATION_LEVEL = 0;
				GCC_PREPROCESSOR_DEFINITIONS = (
					"DEBUG=1",
					"$(inherited)",
				);
				GCC_WARN_64_TO_32_BIT_CONVERSION = YES;
				GCC_WARN_ABOUT_RETURN_TYPE = YES_ERROR;
				GCC_WARN_UNDECLARED_SELECTOR = YES;
				GCC_WARN_UNINITIALIZED_AUTOS = YES_AGGRESSIVE;
				GCC_WARN_UNUSED_FUNCTION = YES;
				GCC_WARN_UNUSED_VARIABLE = YES;
				IPHONEOS_DEPLOYMENT_TARGET = 16.4;
				MTL_ENABLE_DEBUG_INFO = INCLUDE_SOURCE;
				MTL_FAST_MATH = YES;
				ONLY_ACTIVE_ARCH = YES;
				SDKROOT = iphoneos;
				SWIFT_ACTIVE_COMPILATION_CONDITIONS = DEBUG;
				SWIFT_OPTIMIZATION_LEVEL = "-Onone";
			};
			name = Debug;
		};
		6EBA2F382AA0C98E009A0FE0 /* Release */ = {
			isa = XCBuildConfiguration;
			buildSettings = {
				ALWAYS_SEARCH_USER_PATHS = NO;
				CLANG_ANALYZER_NONNULL = YES;
				CLANG_ANALYZER_NUMBER_OBJECT_CONVERSION = YES_AGGRESSIVE;
				CLANG_CXX_LANGUAGE_STANDARD = "gnu++20";
				CLANG_ENABLE_MODULES = YES;
				CLANG_ENABLE_OBJC_ARC = YES;
				CLANG_ENABLE_OBJC_WEAK = YES;
				CLANG_WARN_BLOCK_CAPTURE_AUTORELEASING = YES;
				CLANG_WARN_BOOL_CONVERSION = YES;
				CLANG_WARN_COMMA = YES;
				CLANG_WARN_CONSTANT_CONVERSION = YES;
				CLANG_WARN_DEPRECATED_OBJC_IMPLEMENTATIONS = YES;
				CLANG_WARN_DIRECT_OBJC_ISA_USAGE = YES_ERROR;
				CLANG_WARN_DOCUMENTATION_COMMENTS = YES;
				CLANG_WARN_EMPTY_BODY = YES;
				CLANG_WARN_ENUM_CONVERSION = YES;
				CLANG_WARN_INFINITE_RECURSION = YES;
				CLANG_WARN_INT_CONVERSION = YES;
				CLANG_WARN_NON_LITERAL_NULL_CONVERSION = YES;
				CLANG_WARN_OBJC_IMPLICIT_RETAIN_SELF = YES;
				CLANG_WARN_OBJC_LITERAL_CONVERSION = YES;
				CLANG_WARN_OBJC_ROOT_CLASS = YES_ERROR;
				CLANG_WARN_QUOTED_INCLUDE_IN_FRAMEWORK_HEADER = YES;
				CLANG_WARN_RANGE_LOOP_ANALYSIS = YES;
				CLANG_WARN_STRICT_PROTOTYPES = YES;
				CLANG_WARN_SUSPICIOUS_MOVE = YES;
				CLANG_WARN_UNGUARDED_AVAILABILITY = YES_AGGRESSIVE;
				CLANG_WARN_UNREACHABLE_CODE = YES;
				CLANG_WARN__DUPLICATE_METHOD_MATCH = YES;
				COPY_PHASE_STRIP = NO;
				DEBUG_INFORMATION_FORMAT = "dwarf-with-dsym";
				ENABLE_NS_ASSERTIONS = NO;
				ENABLE_STRICT_OBJC_MSGSEND = YES;
				ENABLE_USER_SCRIPT_SANDBOXING = YES;
				GCC_C_LANGUAGE_STANDARD = gnu11;
				GCC_NO_COMMON_BLOCKS = YES;
				GCC_WARN_64_TO_32_BIT_CONVERSION = YES;
				GCC_WARN_ABOUT_RETURN_TYPE = YES_ERROR;
				GCC_WARN_UNDECLARED_SELECTOR = YES;
				GCC_WARN_UNINITIALIZED_AUTOS = YES_AGGRESSIVE;
				GCC_WARN_UNUSED_FUNCTION = YES;
				GCC_WARN_UNUSED_VARIABLE = YES;
				IPHONEOS_DEPLOYMENT_TARGET = 16.4;
				MTL_ENABLE_DEBUG_INFO = NO;
				MTL_FAST_MATH = YES;
				SDKROOT = iphoneos;
				SWIFT_COMPILATION_MODE = wholemodule;
				SWIFT_OPTIMIZATION_LEVEL = "-O";
				VALIDATE_PRODUCT = YES;
			};
			name = Release;
		};
		6EBA2F3A2AA0C98E009A0FE0 /* Debug */ = {
			isa = XCBuildConfiguration;
			buildSettings = {
				ASSETCATALOG_COMPILER_APPICON_NAME = AppIcon;
				ASSETCATALOG_COMPILER_GLOBAL_ACCENT_COLOR_NAME = AccentColor;
				CODE_SIGN_STYLE = Automatic;
				CURRENT_PROJECT_VERSION = 1;
				DEVELOPMENT_ASSET_PATHS = "\"Studify/Preview Content\"";
				ENABLE_PREVIEWS = YES;
				GENERATE_INFOPLIST_FILE = YES;
				INFOPLIST_KEY_UIApplicationSceneManifest_Generation = YES;
				INFOPLIST_KEY_UIApplicationSupportsIndirectInputEvents = YES;
				INFOPLIST_KEY_UILaunchScreen_Generation = YES;
				INFOPLIST_KEY_UISupportedInterfaceOrientations_iPad = "UIInterfaceOrientationPortrait UIInterfaceOrientationPortraitUpsideDown UIInterfaceOrientationLandscapeLeft UIInterfaceOrientationLandscapeRight";
				INFOPLIST_KEY_UISupportedInterfaceOrientations_iPhone = "UIInterfaceOrientationPortrait UIInterfaceOrientationLandscapeLeft UIInterfaceOrientationLandscapeRight";
				LD_RUNPATH_SEARCH_PATHS = (
					"$(inherited)",
					"@executable_path/Frameworks",
				);
				MARKETING_VERSION = 1.0;
				PRODUCT_BUNDLE_IDENTIFIER = com.mansour.Studify;
				PRODUCT_NAME = "$(TARGET_NAME)";
				SWIFT_EMIT_LOC_STRINGS = YES;
				SWIFT_VERSION = 5.0;
				TARGETED_DEVICE_FAMILY = "1,2";
			};
			name = Debug;
		};
		6EBA2F3B2AA0C98E009A0FE0 /* Release */ = {
			isa = XCBuildConfiguration;
			buildSettings = {
				ASSETCATALOG_COMPILER_APPICON_NAME = AppIcon;
				ASSETCATALOG_COMPILER_GLOBAL_ACCENT_COLOR_NAME = AccentColor;
				CODE_SIGN_STYLE = Automatic;
				CURRENT_PROJECT_VERSION = 1;
				DEVELOPMENT_ASSET_PATHS = "\"Studify/Preview Content\"";
				ENABLE_PREVIEWS = YES;
				GENERATE_INFOPLIST_FILE = YES;
				INFOPLIST_KEY_UIApplicationSceneManifest_Generation = YES;
				INFOPLIST_KEY_UIApplicationSupportsIndirectInputEvents = YES;
				INFOPLIST_KEY_UILaunchScreen_Generation = YES;
				INFOPLIST_KEY_UISupportedInterfaceOrientations_iPad = "UIInterfaceOrientationPortrait UIInterfaceOrientationPortraitUpsideDown UIInterfaceOrientationLandscapeLeft UIInterfaceOrientationLandscapeRight";
				INFOPLIST_KEY_UISupportedInterfaceOrientations_iPhone = "UIInterfaceOrientationPortrait UIInterfaceOrientationLandscapeLeft UIInterfaceOrientationLandscapeRight";
				LD_RUNPATH_SEARCH_PATHS = (
					"$(inherited)",
					"@executable_path/Frameworks",
				);
				MARKETING_VERSION = 1.0;
				PRODUCT_BUNDLE_IDENTIFIER = com.mansour.Studify;
				PRODUCT_NAME = "$(TARGET_NAME)";
				SWIFT_EMIT_LOC_STRINGS = YES;
				SWIFT_VERSION = 5.0;
				TARGETED_DEVICE_FAMILY = "1,2";
			};
			name = Release;
		};
/* End XCBuildConfiguration section */

/* Begin XCConfigurationList section */
		6EBA2F262AA0C98D009A0FE0 /* Build configuration list for PBXProject "Studify" */ = {
			isa = XCConfigurationList;
			buildConfigurations = (
				6EBA2F372AA0C98E009A0FE0 /* Debug */,
				6EBA2F382AA0C98E009A0FE0 /* Release */,
			);
			defaultConfigurationIsVisible = 0;
			defaultConfigurationName = Release;
		};
		6EBA2F392AA0C98E009A0FE0 /* Build configuration list for PBXNativeTarget "Studify" */ = {
			isa = XCConfigurationList;
			buildConfigurations = (
				6EBA2F3A2AA0C98E009A0FE0 /* Debug */,
				6EBA2F3B2AA0C98E009A0FE0 /* Release */,
			);
			defaultConfigurationIsVisible = 0;
			defaultConfigurationName = Release;
		};
/* End XCConfigurationList section */
	};
	rootObject = 6EBA2F232AA0C98D009A0FE0 /* Project object */;
}
